
Microsoft Visual Studio Solution File, Format Version 12.00
# Visual Studio Version 17
VisualStudioVersion = 17.10.35027.167
MinimumVisualStudioVersion = 10.0.40219.1
Project("{2150E333-8FDC-42A3-9474-1A3956D46DE8}") = "Solution Items", "Solution Items", "{BB5CFDD7-DA64-4600-B6A3-8DCFA6E1803D}"
	ProjectSection(SolutionItems) = preProject
		.editorconfig = .editorconfig
	EndProjectSection
EndProject
Project("{FAE04EC0-301F-11D3-BF4B-00C04F79EFBC}") = "OpenPaymentMock.Server", "OpenPaymentMock.Server\OpenPaymentMock.Server.csproj", "{C86EE9E9-1D38-4BF2-B1A1-82B1E8FF9930}"
EndProject
Project("{FAE04EC0-301F-11D3-BF4B-00C04F79EFBC}") = "OpenPaymentMock.Communication", "OpenPaymentMock.Communication\OpenPaymentMock.Communication.csproj", "{30FBAEB2-1BD3-4C13-A216-E11A4426B73C}"
EndProject
Global
	GlobalSection(SolutionConfigurationPlatforms) = preSolution
		Debug|Any CPU = Debug|Any CPU
		Release|Any CPU = Release|Any CPU
	EndGlobalSection
	GlobalSection(ProjectConfigurationPlatforms) = postSolution
		{C86EE9E9-1D38-4BF2-B1A1-82B1E8FF9930}.Debug|Any CPU.ActiveCfg = Debug|Any CPU
		{C86EE9E9-1D38-4BF2-B1A1-82B1E8FF9930}.Debug|Any CPU.Build.0 = Debug|Any CPU
		{C86EE9E9-1D38-4BF2-B1A1-82B1E8FF9930}.Release|Any CPU.ActiveCfg = Release|Any CPU
		{C86EE9E9-1D38-4BF2-B1A1-82B1E8FF9930}.Release|Any CPU.Build.0 = Release|Any CPU
		{30FBAEB2-1BD3-4C13-A216-E11A4426B73C}.Debug|Any CPU.ActiveCfg = Debug|Any CPU
		{30FBAEB2-1BD3-4C13-A216-E11A4426B73C}.Debug|Any CPU.Build.0 = Debug|Any CPU
		{30FBAEB2-1BD3-4C13-A216-E11A4426B73C}.Release|Any CPU.ActiveCfg = Release|Any CPU
		{30FBAEB2-1BD3-4C13-A216-E11A4426B73C}.Release|Any CPU.Build.0 = Release|Any CPU
	EndGlobalSection
	GlobalSection(SolutionProperties) = preSolution
		HideSolutionNode = FALSE
	EndGlobalSection
	GlobalSection(ExtensibilityGlobals) = postSolution
		SolutionGuid = {21EA87B2-2CC3-4420-A770-2FF3DED13DA7}
	EndGlobalSection
EndGlobal
